// !$*UTF8*$!
{
	archiveVersion = 1;
	classes = {
	};
	objectVersion = 46;
	objects = {

/* Begin PBXBuildFile section */
		8DFA00001B7E7AFD00B3DCF0 /* RWDummySignInService.swift in Sources */ = {isa = PBXBuildFile; fileRef = 8DFAFFFF1B7E7AFD00B3DCF0 /* RWDummySignInService.swift */; };
		8DFAFFD21B7E76B100B3DCF0 /* AppDelegate.swift in Sources */ = {isa = PBXBuildFile; fileRef = 8DFAFFD11B7E76B100B3DCF0 /* AppDelegate.swift */; };
		8DFAFFD41B7E76B100B3DCF0 /* ViewController.swift in Sources */ = {isa = PBXBuildFile; fileRef = 8DFAFFD31B7E76B100B3DCF0 /* ViewController.swift */; };
		8DFAFFD71B7E76B100B3DCF0 /* Main.storyboard in Resources */ = {isa = PBXBuildFile; fileRef = 8DFAFFD51B7E76B100B3DCF0 /* Main.storyboard */; };
		8DFAFFD91B7E76B100B3DCF0 /* Assets.xcassets in Resources */ = {isa = PBXBuildFile; fileRef = 8DFAFFD81B7E76B100B3DCF0 /* Assets.xcassets */; };
		8DFAFFDC1B7E76B100B3DCF0 /* LaunchScreen.storyboard in Resources */ = {isa = PBXBuildFile; fileRef = 8DFAFFDA1B7E76B100B3DCF0 /* LaunchScreen.storyboard */; };
		8DFAFFE71B7E76B100B3DCF0 /* SwiftReactivePlaygroundTests.swift in Sources */ = {isa = PBXBuildFile; fileRef = 8DFAFFE61B7E76B100B3DCF0 /* SwiftReactivePlaygroundTests.swift */; };
		8DFAFFF21B7E76B100B3DCF0 /* SwiftReactivePlaygroundUITests.swift in Sources */ = {isa = PBXBuildFile; fileRef = 8DFAFFF11B7E76B100B3DCF0 /* SwiftReactivePlaygroundUITests.swift */; };
/* End PBXBuildFile section */

/* Begin PBXContainerItemProxy section */
		8DFAFFE31B7E76B100B3DCF0 /* PBXContainerItemProxy */ = {
			isa = PBXContainerItemProxy;
			containerPortal = 8DFAFFC61B7E76B100B3DCF0 /* Project object */;
			proxyType = 1;
			remoteGlobalIDString = 8DFAFFCD1B7E76B100B3DCF0;
			remoteInfo = SwiftReactivePlayground;
		};
		8DFAFFEE1B7E76B100B3DCF0 /* PBXContainerItemProxy */ = {
			isa = PBXContainerItemProxy;
			containerPortal = 8DFAFFC61B7E76B100B3DCF0 /* Project object */;
			proxyType = 1;
			remoteGlobalIDString = 8DFAFFCD1B7E76B100B3DCF0;
			remoteInfo = SwiftReactivePlayground;
		};
/* End PBXContainerItemProxy section */

/* Begin PBXFileReference section */
		8DFAFFCE1B7E76B100B3DCF0 /* SwiftReactivePlayground.app */ = {isa = PBXFileReference; explicitFileType = wrapper.application; includeInIndex = 0; path = SwiftReactivePlayground.app; sourceTree = BUILT_PRODUCTS_DIR; };
		8DFAFFD11B7E76B100B3DCF0 /* AppDelegate.swift */ = {isa = PBXFileReference; lastKnownFileType = sourcecode.swift; path = AppDelegate.swift; sourceTree = "<group>"; };
		8DFAFFD31B7E76B100B3DCF0 /* ViewController.swift */ = {isa = PBXFileReference; lastKnownFileType = sourcecode.swift; path = ViewController.swift; sourceTree = "<group>"; };
		8DFAFFD61B7E76B100B3DCF0 /* Base */ = {isa = PBXFileReference; lastKnownFileType = file.storyboard; name = Base; path = Base.lproj/Main.storyboard; sourceTree = "<group>"; };
		8DFAFFD81B7E76B100B3DCF0 /* Assets.xcassets */ = {isa = PBXFileReference; lastKnownFileType = folder.assetcatalog; path = Assets.xcassets; sourceTree = "<group>"; };
		8DFAFFDB1B7E76B100B3DCF0 /* Base */ = {isa = PBXFileReference; lastKnownFileType = file.storyboard; name = Base; path = Base.lproj/LaunchScreen.storyboard; sourceTree = "<group>"; };
		8DFAFFDD1B7E76B100B3DCF0 /* Info.plist */ = {isa = PBXFileReference; lastKnownFileType = text.plist.xml; path = Info.plist; sourceTree = "<group>"; };
		8DFAFFE21B7E76B100B3DCF0 /* SwiftReactivePlaygroundTests.xctest */ = {isa = PBXFileReference; explicitFileType = wrapper.cfbundle; includeInIndex = 0; path = SwiftReactivePlaygroundTests.xctest; sourceTree = BUILT_PRODUCTS_DIR; };
		8DFAFFE61B7E76B100B3DCF0 /* SwiftReactivePlaygroundTests.swift */ = {isa = PBXFileReference; lastKnownFileType = sourcecode.swift; path = SwiftReactivePlaygroundTests.swift; sourceTree = "<group>"; };
		8DFAFFE81B7E76B100B3DCF0 /* Info.plist */ = {isa = PBXFileReference; lastKnownFileType = text.plist.xml; path = Info.plist; sourceTree = "<group>"; };
		8DFAFFED1B7E76B100B3DCF0 /* SwiftReactivePlaygroundUITests.xctest */ = {isa = PBXFileReference; explicitFileType = wrapper.cfbundle; includeInIndex = 0; path = SwiftReactivePlaygroundUITests.xctest; sourceTree = BUILT_PRODUCTS_DIR; };
		8DFAFFF11B7E76B100B3DCF0 /* SwiftReactivePlaygroundUITests.swift */ = {isa = PBXFileReference; lastKnownFileType = sourcecode.swift; path = SwiftReactivePlaygroundUITests.swift; sourceTree = "<group>"; };
		8DFAFFF31B7E76B100B3DCF0 /* Info.plist */ = {isa = PBXFileReference; lastKnownFileType = text.plist.xml; path = Info.plist; sourceTree = "<group>"; };
		8DFAFFFF1B7E7AFD00B3DCF0 /* RWDummySignInService.swift */ = {isa = PBXFileReference; fileEncoding = 4; lastKnownFileType = sourcecode.swift; path = RWDummySignInService.swift; sourceTree = "<group>"; };
/* End PBXFileReference section */

/* Begin PBXFrameworksBuildPhase section */
		8DFAFFCB1B7E76B100B3DCF0 /* Frameworks */ = {
			isa = PBXFrameworksBuildPhase;
			buildActionMask = 2147483647;
			files = (
			);
			runOnlyForDeploymentPostprocessing = 0;
		};
		8DFAFFDF1B7E76B100B3DCF0 /* Frameworks */ = {
			isa = PBXFrameworksBuildPhase;
			buildActionMask = 2147483647;
			files = (
			);
			runOnlyForDeploymentPostprocessing = 0;
		};
		8DFAFFEA1B7E76B100B3DCF0 /* Frameworks */ = {
			isa = PBXFrameworksBuildPhase;
			buildActionMask = 2147483647;
			files = (
			);
			runOnlyForDeploymentPostprocessing = 0;
		};
/* End PBXFrameworksBuildPhase section */

/* Begin PBXGroup section */
		8DFAFFC51B7E76B100B3DCF0 = {
			isa = PBXGroup;
			children = (
				8DFAFFD01B7E76B100B3DCF0 /* SwiftReactivePlayground */,
				8DFAFFE51B7E76B100B3DCF0 /* SwiftReactivePlaygroundTests */,
				8DFAFFF01B7E76B100B3DCF0 /* SwiftReactivePlaygroundUITests */,
				8DFAFFCF1B7E76B100B3DCF0 /* Products */,
			);
			sourceTree = "<group>";
		};
		8DFAFFCF1B7E76B100B3DCF0 /* Products */ = {
			isa = PBXGroup;
			children = (
				8DFAFFCE1B7E76B100B3DCF0 /* SwiftReactivePlayground.app */,
				8DFAFFE21B7E76B100B3DCF0 /* SwiftReactivePlaygroundTests.xctest */,
				8DFAFFED1B7E76B100B3DCF0 /* SwiftReactivePlaygroundUITests.xctest */,
			);
			name = Products;
			sourceTree = "<group>";
		};
		8DFAFFD01B7E76B100B3DCF0 /* SwiftReactivePlayground */ = {
			isa = PBXGroup;
			children = (
				8DFAFFD11B7E76B100B3DCF0 /* AppDelegate.swift */,
				8DFAFFD31B7E76B100B3DCF0 /* ViewController.swift */,
				8DFAFFD51B7E76B100B3DCF0 /* Main.storyboard */,
				8DFAFFD81B7E76B100B3DCF0 /* Assets.xcassets */,
				8DFAFFDA1B7E76B100B3DCF0 /* LaunchScreen.storyboard */,
				8DFAFFDD1B7E76B100B3DCF0 /* Info.plist */,
				8DFAFFFF1B7E7AFD00B3DCF0 /* RWDummySignInService.swift */,
			);
			path = SwiftReactivePlayground;
			sourceTree = "<group>";
		};
		8DFAFFE51B7E76B100B3DCF0 /* SwiftReactivePlaygroundTests */ = {
			isa = PBXGroup;
			children = (
				8DFAFFE61B7E76B100B3DCF0 /* SwiftReactivePlaygroundTests.swift */,
				8DFAFFE81B7E76B100B3DCF0 /* Info.plist */,
			);
			path = SwiftReactivePlaygroundTests;
			sourceTree = "<group>";
		};
		8DFAFFF01B7E76B100B3DCF0 /* SwiftReactivePlaygroundUITests */ = {
			isa = PBXGroup;
			children = (
				8DFAFFF11B7E76B100B3DCF0 /* SwiftReactivePlaygroundUITests.swift */,
				8DFAFFF31B7E76B100B3DCF0 /* Info.plist */,
			);
			path = SwiftReactivePlaygroundUITests;
			sourceTree = "<group>";
		};
/* End PBXGroup section */

/* Begin PBXNativeTarget section */
		8DFAFFCD1B7E76B100B3DCF0 /* SwiftReactivePlayground */ = {
			isa = PBXNativeTarget;
			buildConfigurationList = 8DFAFFF61B7E76B100B3DCF0 /* Build configuration list for PBXNativeTarget "SwiftReactivePlayground" */;
			buildPhases = (
				8DFAFFCA1B7E76B100B3DCF0 /* Sources */,
				8DFAFFCB1B7E76B100B3DCF0 /* Frameworks */,
				8DFAFFCC1B7E76B100B3DCF0 /* Resources */,
			);
			buildRules = (
			);
			dependencies = (
			);
			name = SwiftReactivePlayground;
			productName = SwiftReactivePlayground;
			productReference = 8DFAFFCE1B7E76B100B3DCF0 /* SwiftReactivePlayground.app */;
			productType = "com.apple.product-type.application";
		};
		8DFAFFE11B7E76B100B3DCF0 /* SwiftReactivePlaygroundTests */ = {
			isa = PBXNativeTarget;
			buildConfigurationList = 8DFAFFF91B7E76B100B3DCF0 /* Build configuration list for PBXNativeTarget "SwiftReactivePlaygroundTests" */;
			buildPhases = (
				8DFAFFDE1B7E76B100B3DCF0 /* Sources */,
				8DFAFFDF1B7E76B100B3DCF0 /* Frameworks */,
				8DFAFFE01B7E76B100B3DCF0 /* Resources */,
			);
			buildRules = (
			);
			dependencies = (
				8DFAFFE41B7E76B100B3DCF0 /* PBXTargetDependency */,
			);
			name = SwiftReactivePlaygroundTests;
			productName = SwiftReactivePlaygroundTests;
			productReference = 8DFAFFE21B7E76B100B3DCF0 /* SwiftReactivePlaygroundTests.xctest */;
			productType = "com.apple.product-type.bundle.unit-test";
		};
		8DFAFFEC1B7E76B100B3DCF0 /* SwiftReactivePlaygroundUITests */ = {
			isa = PBXNativeTarget;
			buildConfigurationList = 8DFAFFFC1B7E76B100B3DCF0 /* Build configuration list for PBXNativeTarget "SwiftReactivePlaygroundUITests" */;
			buildPhases = (
				8DFAFFE91B7E76B100B3DCF0 /* Sources */,
				8DFAFFEA1B7E76B100B3DCF0 /* Frameworks */,
				8DFAFFEB1B7E76B100B3DCF0 /* Resources */,
			);
			buildRules = (
			);
			dependencies = (
				8DFAFFEF1B7E76B100B3DCF0 /* PBXTargetDependency */,
			);
			name = SwiftReactivePlaygroundUITests;
			productName = SwiftReactivePlaygroundUITests;
			productReference = 8DFAFFED1B7E76B100B3DCF0 /* SwiftReactivePlaygroundUITests.xctest */;
			productType = "com.apple.product-type.bundle.ui-testing";
		};
/* End PBXNativeTarget section */

/* Begin PBXProject section */
		8DFAFFC61B7E76B100B3DCF0 /* Project object */ = {
			isa = PBXProject;
			attributes = {
				LastUpgradeCheck = 0700;
				ORGANIZATIONNAME = "Roberto Osorio Goenaga";
				TargetAttributes = {
					8DFAFFCD1B7E76B100B3DCF0 = {
						CreatedOnToolsVersion = 7.0;
					};
					8DFAFFE11B7E76B100B3DCF0 = {
						CreatedOnToolsVersion = 7.0;
						TestTargetID = 8DFAFFCD1B7E76B100B3DCF0;
					};
					8DFAFFEC1B7E76B100B3DCF0 = {
						CreatedOnToolsVersion = 7.0;
						TestTargetID = 8DFAFFCD1B7E76B100B3DCF0;
					};
				};
			};
			buildConfigurationList = 8DFAFFC91B7E76B100B3DCF0 /* Build configuration list for PBXProject "SwiftReactivePlayground" */;
			compatibilityVersion = "Xcode 3.2";
			developmentRegion = English;
			hasScannedForEncodings = 0;
			knownRegions = (
				en,
				Base,
			);
			mainGroup = 8DFAFFC51B7E76B100B3DCF0;
			productRefGroup = 8DFAFFCF1B7E76B100B3DCF0 /* Products */;
			projectDirPath = "";
			projectRoot = "";
			targets = (
				8DFAFFCD1B7E76B100B3DCF0 /* SwiftReactivePlayground */,
				8DFAFFE11B7E76B100B3DCF0 /* SwiftReactivePlaygroundTests */,
				8DFAFFEC1B7E76B100B3DCF0 /* SwiftReactivePlaygroundUITests */,
			);
		};
/* End PBXProject section */

/* Begin PBXResourcesBuildPhase section */
		8DFAFFCC1B7E76B100B3DCF0 /* Resources */ = {
			isa = PBXResourcesBuildPhase;
			buildActionMask = 2147483647;
			files = (
				8DFAFFDC1B7E76B100B3DCF0 /* LaunchScreen.storyboard in Resources */,
				8DFAFFD91B7E76B100B3DCF0 /* Assets.xcassets in Resources */,
				8DFAFFD71B7E76B100B3DCF0 /* Main.storyboard in Resources */,
			);
			runOnlyForDeploymentPostprocessing = 0;
		};
		8DFAFFE01B7E76B100B3DCF0 /* Resources */ = {
			isa = PBXResourcesBuildPhase;
			buildActionMask = 2147483647;
			files = (
			);
			runOnlyForDeploymentPostprocessing = 0;
		};
		8DFAFFEB1B7E76B100B3DCF0 /* Resources */ = {
			isa = PBXResourcesBuildPhase;
			buildActionMask = 2147483647;
			files = (
			);
			runOnlyForDeploymentPostprocessing = 0;
		};
/* End PBXResourcesBuildPhase section */

/* Begin PBXSourcesBuildPhase section */
		8DFAFFCA1B7E76B100B3DCF0 /* Sources */ = {
			isa = PBXSourcesBuildPhase;
			buildActionMask = 2147483647;
			files = (
				8DFAFFD41B7E76B100B3DCF0 /* ViewController.swift in Sources */,
				8DFAFFD21B7E76B100B3DCF0 /* AppDelegate.swift in Sources */,
				8DFA00001B7E7AFD00B3DCF0 /* RWDummySignInService.swift in Sources */,
			);
			runOnlyForDeploymentPostprocessing = 0;
		};
		8DFAFFDE1B7E76B100B3DCF0 /* Sources */ = {
			isa = PBXSourcesBuildPhase;
			buildActionMask = 2147483647;
			files = (
				8DFAFFE71B7E76B100B3DCF0 /* SwiftReactivePlaygroundTests.swift in Sources */,
			);
			runOnlyForDeploymentPostprocessing = 0;
		};
		8DFAFFE91B7E76B100B3DCF0 /* Sources */ = {
			isa = PBXSourcesBuildPhase;
			buildActionMask = 2147483647;
			files = (
				8DFAFFF21B7E76B100B3DCF0 /* SwiftReactivePlaygroundUITests.swift in Sources */,
			);
			runOnlyForDeploymentPostprocessing = 0;
		};
/* End PBXSourcesBuildPhase section */

/* Begin PBXTargetDependency section */
		8DFAFFE41B7E76B100B3DCF0 /* PBXTargetDependency */ = {
			isa = PBXTargetDependency;
			target = 8DFAFFCD1B7E76B100B3DCF0 /* SwiftReactivePlayground */;
			targetProxy = 8DFAFFE31B7E76B100B3DCF0 /* PBXContainerItemProxy */;
		};
		8DFAFFEF1B7E76B100B3DCF0 /* PBXTargetDependency */ = {
			isa = PBXTargetDependency;
			target = 8DFAFFCD1B7E76B100B3DCF0 /* SwiftReactivePlayground */;
			targetProxy = 8DFAFFEE1B7E76B100B3DCF0 /* PBXContainerItemProxy */;
		};
/* End PBXTargetDependency section */

/* Begin PBXVariantGroup section */
		8DFAFFD51B7E76B100B3DCF0 /* Main.storyboard */ = {
			isa = PBXVariantGroup;
			children = (
				8DFAFFD61B7E76B100B3DCF0 /* Base */,
			);
			name = Main.storyboard;
			sourceTree = "<group>";
		};
		8DFAFFDA1B7E76B100B3DCF0 /* LaunchScreen.storyboard */ = {
			isa = PBXVariantGroup;
			children = (
				8DFAFFDB1B7E76B100B3DCF0 /* Base */,
			);
			name = LaunchScreen.storyboard;
			sourceTree = "<group>";
		};
/* End PBXVariantGroup section */

/* Begin XCBuildConfiguration section */
		8DFAFFF41B7E76B100B3DCF0 /* Debug */ = {
			isa = XCBuildConfiguration;
			buildSettings = {
				ALWAYS_SEARCH_USER_PATHS = NO;
				CLANG_CXX_LANGUAGE_STANDARD = "gnu++0x";
				CLANG_CXX_LIBRARY = "libc++";
				CLANG_ENABLE_MODULES = YES;
				CLANG_ENABLE_OBJC_ARC = YES;
				CLANG_WARN_BOOL_CONVERSION = YES;
				CLANG_WARN_CONSTANT_CONVERSION = YES;
				CLANG_WARN_DIRECT_OBJC_ISA_USAGE = YES_ERROR;
				CLANG_WARN_EMPTY_BODY = YES;
				CLANG_WARN_ENUM_CONVERSION = YES;
				CLANG_WARN_INT_CONVERSION = YES;
				CLANG_WARN_OBJC_ROOT_CLASS = YES_ERROR;
				CLANG_WARN_UNREACHABLE_CODE = YES;
				CLANG_WARN__DUPLICATE_METHOD_MATCH = YES;
				"CODE_SIGN_IDENTITY[sdk=iphoneos*]" = "iPhone Developer";
				COPY_PHASE_STRIP = NO;
				DEBUG_INFORMATION_FORMAT = dwarf;
				ENABLE_STRICT_OBJC_MSGSEND = YES;
				ENABLE_TESTABILITY = YES;
				GCC_C_LANGUAGE_STANDARD = gnu99;
				GCC_DYNAMIC_NO_PIC = NO;
				GCC_NO_COMMON_BLOCKS = YES;
				GCC_OPTIMIZATION_LEVEL = 0;
				GCC_PREPROCESSOR_DEFINITIONS = (
					"DEBUG=1",
					"$(inherited)",
				);
				GCC_WARN_64_TO_32_BIT_CONVERSION = YES;
				GCC_WARN_ABOUT_RETURN_TYPE = YES_ERROR;
				GCC_WARN_UNDECLARED_SELECTOR = YES;
				GCC_WARN_UNINITIALIZED_AUTOS = YES_AGGRESSIVE;
				GCC_WARN_UNUSED_FUNCTION = YES;
				GCC_WARN_UNUSED_VARIABLE = YES;
				IPHONEOS_DEPLOYMENT_TARGET = 9.0;
				MTL_ENABLE_DEBUG_INFO = YES;
				ONLY_ACTIVE_ARCH = YES;
				SDKROOT = iphoneos;
				SWIFT_OPTIMIZATION_LEVEL = "-Onone";
				TARGETED_DEVICE_FAMILY = "1,2";
			};
			name = Debug;
		};
		8DFAFFF51B7E76B100B3DCF0 /* Release */ = {
			isa = XCBuildConfiguration;
			buildSettings = {
				ALWAYS_SEARCH_USER_PATHS = NO;
				CLANG_CXX_LANGUAGE_STANDARD = "gnu++0x";
				CLANG_CXX_LIBRARY = "libc++";
				CLANG_ENABLE_MODULES = YES;
				CLANG_ENABLE_OBJC_ARC = YES;
				CLANG_WARN_BOOL_CONVERSION = YES;
				CLANG_WARN_CONSTANT_CONVERSION = YES;
				CLANG_WARN_DIRECT_OBJC_ISA_USAGE = YES_ERROR;
				CLANG_WARN_EMPTY_BODY = YES;
				CLANG_WARN_ENUM_CONVERSION = YES;
				CLANG_WARN_INT_CONVERSION = YES;
				CLANG_WARN_OBJC_ROOT_CLASS = YES_ERROR;
				CLANG_WARN_UNREACHABLE_CODE = YES;
				CLANG_WARN__DUPLICATE_METHOD_MATCH = YES;
				"CODE_SIGN_IDENTITY[sdk=iphoneos*]" = "iPhone Developer";
				COPY_PHASE_STRIP = NO;
				DEBUG_INFORMATION_FORMAT = "dwarf-with-dsym";
				ENABLE_NS_ASSERTIONS = NO;
				ENABLE_STRICT_OBJC_MSGSEND = YES;
				GCC_C_LANGUAGE_STANDARD = gnu99;
				GCC_NO_COMMON_BLOCKS = YES;
				GCC_WARN_64_TO_32_BIT_CONVERSION = YES;
				GCC_WARN_ABOUT_RETURN_TYPE = YES_ERROR;
				GCC_WARN_UNDECLARED_SELECTOR = YES;
				GCC_WARN_UNINITIALIZED_AUTOS = YES_AGGRESSIVE;
				GCC_WARN_UNUSED_FUNCTION = YES;
				GCC_WARN_UNUSED_VARIABLE = YES;
				IPHONEOS_DEPLOYMENT_TARGET = 9.0;
				MTL_ENABLE_DEBUG_INFO = NO;
				SDKROOT = iphoneos;
				TARGETED_DEVICE_FAMILY = "1,2";
				VALIDATE_PRODUCT = YES;
			};
			name = Release;
		};
		8DFAFFF71B7E76B100B3DCF0 /* Debug */ = {
			isa = XCBuildConfiguration;
			buildSettings = {
				ASSETCATALOG_COMPILER_APPICON_NAME = AppIcon;
				INFOPLIST_FILE = SwiftReactivePlayground/Info.plist;
				LD_RUNPATH_SEARCH_PATHS = "$(inherited) @executable_path/Frameworks";
				PRODUCT_BUNDLE_IDENTIFIER = com.robertoosoriogoenaga.SwiftReactivePlayground;
				PRODUCT_NAME = "$(TARGET_NAME)";
			};
			name = Debug;
		};
		8DFAFFF81B7E76B100B3DCF0 /* Release */ = {
			isa = XCBuildConfiguration;
			buildSettings = {
				ASSETCATALOG_COMPILER_APPICON_NAME = AppIcon;
				INFOPLIST_FILE = SwiftReactivePlayground/Info.plist;
				LD_RUNPATH_SEARCH_PATHS = "$(inherited) @executable_path/Frameworks";
				PRODUCT_BUNDLE_IDENTIFIER = com.robertoosoriogoenaga.SwiftReactivePlayground;
				PRODUCT_NAME = "$(TARGET_NAME)";
			};
			name = Release;
		};
		8DFAFFFA1B7E76B100B3DCF0 /* Debug */ = {
			isa = XCBuildConfiguration;
			buildSettings = {
				BUNDLE_LOADER = "$(TEST_HOST)";
				INFOPLIST_FILE = SwiftReactivePlaygroundTests/Info.plist;
				LD_RUNPATH_SEARCH_PATHS = "$(inherited) @executable_path/Frameworks @loader_path/Frameworks";
				PRODUCT_BUNDLE_IDENTIFIER = com.robertoosoriogoenaga.SwiftReactivePlaygroundTests;
				PRODUCT_NAME = "$(TARGET_NAME)";
				TEST_HOST = "$(BUILT_PRODUCTS_DIR)/SwiftReactivePlayground.app/SwiftReactivePlayground";
			};
			name = Debug;
		};
		8DFAFFFB1B7E76B100B3DCF0 /* Release */ = {
			isa = XCBuildConfiguration;
			buildSettings = {
				BUNDLE_LOADER = "$(TEST_HOST)";
				INFOPLIST_FILE = SwiftReactivePlaygroundTests/Info.plist;
				LD_RUNPATH_SEARCH_PATHS = "$(inherited) @executable_path/Frameworks @loader_path/Frameworks";
				PRODUCT_BUNDLE_IDENTIFIER = com.robertoosoriogoenaga.SwiftReactivePlaygroundTests;
				PRODUCT_NAME = "$(TARGET_NAME)";
				TEST_HOST = "$(BUILT_PRODUCTS_DIR)/SwiftReactivePlayground.app/SwiftReactivePlayground";
			};
			name = Release;
		};
		8DFAFFFD1B7E76B100B3DCF0 /* Debug */ = {
			isa = XCBuildConfiguration;
			buildSettings = {
				INFOPLIST_FILE = SwiftReactivePlaygroundUITests/Info.plist;
				LD_RUNPATH_SEARCH_PATHS = "$(inherited) @executable_path/Frameworks @loader_path/Frameworks";
				PRODUCT_BUNDLE_IDENTIFIER = com.robertoosoriogoenaga.SwiftReactivePlaygroundUITests;
				PRODUCT_NAME = "$(TARGET_NAME)";
				TEST_TARGET_NAME = SwiftReactivePlayground;
				USES_XCTRUNNER = YES;
			};
			name = Debug;
		};
		8DFAFFFE1B7E76B100B3DCF0 /* Release */ = {
			isa = XCBuildConfiguration;
			buildSettings = {
				INFOPLIST_FILE = SwiftReactivePlaygroundUITests/Info.plist;
				LD_RUNPATH_SEARCH_PATHS = "$(inherited) @executable_path/Frameworks @loader_path/Frameworks";
				PRODUCT_BUNDLE_IDENTIFIER = com.robertoosoriogoenaga.SwiftReactivePlaygroundUITests;
				PRODUCT_NAME = "$(TARGET_NAME)";
				TEST_TARGET_NAME = SwiftReactivePlayground;
				USES_XCTRUNNER = YES;
			};
			name = Release;
		};
/* End XCBuildConfiguration section */

/* Begin XCConfigurationList section */
		8DFAFFC91B7E76B100B3DCF0 /* Build configuration list for PBXProject "SwiftReactivePlayground" */ = {
			isa = XCConfigurationList;
			buildConfigurations = (
				8DFAFFF41B7E76B100B3DCF0 /* Debug */,
				8DFAFFF51B7E76B100B3DCF0 /* Release */,
			);
			defaultConfigurationIsVisible = 0;
			defaultConfigurationName = Release;
		};
		8DFAFFF61B7E76B100B3DCF0 /* Build configuration list for PBXNativeTarget "SwiftReactivePlayground" */ = {
			isa = XCConfigurationList;
			buildConfigurations = (
				8DFAFFF71B7E76B100B3DCF0 /* Debug */,
				8DFAFFF81B7E76B100B3DCF0 /* Release */,
			);
			defaultConfigurationIsVisible = 0;
		};
		8DFAFFF91B7E76B100B3DCF0 /* Build configuration list for PBXNativeTarget "SwiftReactivePlaygroundTests" */ = {
			isa = XCConfigurationList;
			buildConfigurations = (
				8DFAFFFA1B7E76B100B3DCF0 /* Debug */,
				8DFAFFFB1B7E76B100B3DCF0 /* Release */,
			);
			defaultConfigurationIsVisible = 0;
		};
		8DFAFFFC1B7E76B100B3DCF0 /* Build configuration list for PBXNativeTarget "SwiftReactivePlaygroundUITests" */ = {
			isa = XCConfigurationList;
			buildConfigurations = (
				8DFAFFFD1B7E76B100B3DCF0 /* Debug */,
				8DFAFFFE1B7E76B100B3DCF0 /* Release */,
			);
			defaultConfigurationIsVisible = 0;
		};
/* End XCConfigurationList section */
	};
	rootObject = 8DFAFFC61B7E76B100B3DCF0 /* Project object */;
}
